{
  "name": "clearroad-api-node-samples",
  "version": "0.0.1",
  "lockfileVersion": 1,
  "requires": true,
  "dependencies": {
    "@clearroad/api": {
      "version": "0.1.0",
      "resolved": "https://registry.npmjs.org/@clearroad/api/-/api-0.1.0.tgz",
      "integrity": "sha512-O7aiKYcSt+Smbiu4ULw+VX6KLXaxv34oi2yooWMT6gi1IdVJXciPf7HWe7o582U9NRGsB3ogieNAg9jDRaY9NA==",
      "requires": {
        "form-data": "^2.3.2",
        "moment": "2.21.0",
        "rsvp": "git+https://lab.nexedi.com/nexedi/rsvp.js.git#cde40f5c0eab3167964423cc6030fac080ea46c4",
        "rusha": "0.8.2",
        "urijs": "^1.19.1",
        "uritemplate": "git+https://lab.nexedi.com/nexedi/uritemplate-js.git#69c0af3da5299ac216a0d437fac6dd621ccf9af8",
        "xhr2": "^0.1.4"
      }
    },
    "asynckit": {
      "version": "0.4.0",
      "resolved": "https://registry.npmjs.org/asynckit/-/asynckit-0.4.0.tgz",
      "integrity": "sha1-x57Zf380y48robyXkLzDZkdLS3k="
    },
    "combined-stream": {
      "version": "1.0.6",
      "resolved": "https://registry.npmjs.org/combined-stream/-/combined-stream-1.0.6.tgz",
      "integrity": "sha1-cj599ugBrFYTETp+RFqbactjKBg=",
      "requires": {
        "delayed-stream": "~1.0.0"
      }
    },
    "delayed-stream": {
      "version": "1.0.0",
      "resolved": "https://registry.npmjs.org/delayed-stream/-/delayed-stream-1.0.0.tgz",
      "integrity": "sha1-3zrhmayt+31ECqrgsp4icrJOxhk="
    },
    "dotenv": {
      "version": "6.0.0",
      "resolved": "https://registry.npmjs.org/dotenv/-/dotenv-6.0.0.tgz",
      "integrity": "sha512-FlWbnhgjtwD+uNLUGHbMykMOYQaTivdHEmYwAKFjn6GKe/CqY0fNae93ZHTd20snh9ZLr8mTzIL9m0APQ1pjQg=="
    },
    "form-data": {
      "version": "2.3.2",
      "resolved": "https://registry.npmjs.org/form-data/-/form-data-2.3.2.tgz",
      "integrity": "sha1-SXBJi+YEwgwAXU9cI67NIda0kJk=",
      "requires": {
        "asynckit": "^0.4.0",
        "combined-stream": "1.0.6",
        "mime-types": "^2.1.12"
      }
    },
    "mime-db": {
      "version": "1.36.0",
      "resolved": "https://registry.npmjs.org/mime-db/-/mime-db-1.36.0.tgz",
      "integrity": "sha512-L+xvyD9MkoYMXb1jAmzI/lWYAxAMCPvIBSWur0PZ5nOf5euahRLVqH//FKW9mWp2lkqUgYiXPgkzfMUFi4zVDw=="
    },
    "mime-types": {
      "version": "2.1.20",
      "resolved": "https://registry.npmjs.org/mime-types/-/mime-types-2.1.20.tgz",
      "integrity": "sha512-HrkrPaP9vGuWbLK1B1FfgAkbqNjIuy4eHlIYnFi7kamZyLLrGlo2mpcx0bBmNpKqBtYtAfGbodDddIgddSJC2A==",
      "requires": {
        "mime-db": "~1.36.0"
      }
    },
    "moment": {
      "version": "2.21.0",
      "resolved": "http://registry.npmjs.org/moment/-/moment-2.21.0.tgz",
      "integrity": "sha512-TCZ36BjURTeFTM/CwRcViQlfkMvL1/vFISuNLO5GkcVm1+QHfbSiNqZuWeMFjj1/3+uAjXswgRk30j1kkLYJBQ=="
    },
    "rsvp": {
      "version": "git+https://lab.nexedi.com/nexedi/rsvp.js.git#cde40f5c0eab3167964423cc6030fac080ea46c4",
      "from": "git+https://lab.nexedi.com/nexedi/rsvp.js.git"
    },
    "rusha": {
      "version": "0.8.2",
      "resolved": "https://registry.npmjs.org/rusha/-/rusha-0.8.2.tgz",
      "integrity": "sha1-BfMZbfN7FmvAgNsbvWnITWT6HB8="
    },
    "urijs": {
      "version": "1.19.1",
      "resolved": "https://registry.npmjs.org/urijs/-/urijs-1.19.1.tgz",
      "integrity": "sha512-xVrGVi94ueCJNrBSTjWqjvtgvl3cyOTThp2zaMaFNGp3F542TR6sM3f2o8RqZl+AwteClSVmoCyt0ka4RjQOQg=="
    },
    "uritemplate": {
      "version": "git+https://lab.nexedi.com/nexedi/uritemplate-js.git#69c0af3da5299ac216a0d437fac6dd621ccf9af8",
      "from": "git+https://lab.nexedi.com/nexedi/uritemplate-js.git"
    },
    "xhr2": {
      "version": "0.1.4",
      "resolved": "https://registry.npmjs.org/xhr2/-/xhr2-0.1.4.tgz",
      "integrity": "sha1-f4dliEdxbbUCYyOBL4GMras4el8="
    }
  }
}
